Microsoft Visual Studio Solution File, Format Version 11.00
# Visual Studio 2008

Project("{0BF2C6BC-4121-AE75-A3F9-F3A441421429}") = "Unity3D", "Assembly-CSharp-firstpass.csproj", "{7A8DE0DD-2AAA-D81D-C50B-EB5F579FB317}"
EndProject
Project("{0BF2C6BC-4121-AE75-A3F9-F3A441421429}") = "Unity3D", "Assembly-UnityScript-firstpass.unityproj", "{F8DFCF31-3BC1-BE0B-4DE5-03BB806C870B}"
EndProject
Project("{0BF2C6BC-4121-AE75-A3F9-F3A441421429}") = "Unity3D", "Assembly-UnityScript.unityproj", "{110F4DDD-951F-6F9B-7C29-B9A199B06487}"
EndProject
Global
	GlobalSection(SolutionConfigurationPlatforms) = preSolution
		Debug|Any CPU = Debug|Any CPU
		Release|Any CPU = Release|Any CPU
	EndGlobalSection
	GlobalSection(ProjectConfigurationPlatforms) = postSolution
		{7A8DE0DD-2AAA-D81D-C50B-EB5F579FB317}.Debug|Any CPU.ActiveCfg = Debug|Any CPU
		{7A8DE0DD-2AAA-D81D-C50B-EB5F579FB317}.Debug|Any CPU.Build.0 = Debug|Any CPU
		{7A8DE0DD-2AAA-D81D-C50B-EB5F579FB317}.Release|Any CPU.ActiveCfg = Release|Any CPU
		{7A8DE0DD-2AAA-D81D-C50B-EB5F579FB317}.Release|Any CPU.Build.0 = Release|Any CPU
		{F8DFCF31-3BC1-BE0B-4DE5-03BB806C870B}.Debug|Any CPU.ActiveCfg = Debug|Any CPU
		{F8DFCF31-3BC1-BE0B-4DE5-03BB806C870B}.Debug|Any CPU.Build.0 = Debug|Any CPU
		{F8DFCF31-3BC1-BE0B-4DE5-03BB806C870B}.Release|Any CPU.ActiveCfg = Release|Any CPU
		{F8DFCF31-3BC1-BE0B-4DE5-03BB806C870B}.Release|Any CPU.Build.0 = Release|Any CPU
		{110F4DDD-951F-6F9B-7C29-B9A199B06487}.Debug|Any CPU.ActiveCfg = Debug|Any CPU
		{110F4DDD-951F-6F9B-7C29-B9A199B06487}.Debug|Any CPU.Build.0 = Debug|Any CPU
		{110F4DDD-951F-6F9B-7C29-B9A199B06487}.Release|Any CPU.ActiveCfg = Release|Any CPU
		{110F4DDD-951F-6F9B-7C29-B9A199B06487}.Release|Any CPU.Build.0 = Release|Any CPU
	EndGlobalSection
	GlobalSection(SolutionProperties) = preSolution
		HideSolutionNode = FALSE
	EndGlobalSection
																																															GlobalSection(MonoDevelopProperties) = preSolution
		StartupItem = Assembly-CSharp.csproj
		Policies = $0
		$0.TextStylePolicy = $1
		$1.inheritsSet = null
		$1.scope = text/x-csharp
		$0.CSharpFormattingPolicy = $2
		$2.inheritsSet = Mono
		$2.inheritsScope = text/x-csharp
		$2.scope = text/x-csharp
		$0.TextStylePolicy = $3
		$3.FileWidth = 120
		$3.TabWidth = 4
		$3.EolMarker = Unix
		$3.inheritsSet = Mono
		$3.inheritsScope = text/plain
		$3.scope = text/plain
	EndGlobalSection

EndGlobal
